
Microsoft Visual Studio Solution File, Format Version 12.00
# Visual Studio Version 16
VisualStudioVersion = 16.0.30717.126
MinimumVisualStudioVersion = 10.0.40219.1
Project("{FAE04EC0-301F-11D3-BF4B-00C04F79EFBC}") = "QLNV_De5_n17dccn048", "QLNV_De5_n17dccn048\QLNV_De5_n17dccn048.csproj", "{FEA3CE63-5263-4739-9488-403B8964BC46}"
EndProject
Global
	GlobalSection(SolutionConfigurationPlatforms) = preSolution
		Debug|Any CPU = Debug|Any CPU
		Release|Any CPU = Release|Any CPU
	EndGlobalSection
	GlobalSection(ProjectConfigurationPlatforms) = postSolution
		{FEA3CE63-5263-4739-9488-403B8964BC46}.Debug|Any CPU.ActiveCfg = Debug|Any CPU
		{FEA3CE63-5263-4739-9488-403B8964BC46}.Debug|Any CPU.Build.0 = Debug|Any CPU
		{FEA3CE63-5263-4739-9488-403B8964BC46}.Release|Any CPU.ActiveCfg = Release|Any CPU
		{FEA3CE63-5263-4739-9488-403B8964BC46}.Release|Any CPU.Build.0 = Release|Any CPU
	EndGlobalSection
	GlobalSection(SolutionProperties) = preSolution
		HideSolutionNode = FALSE
	EndGlobalSection
	GlobalSection(ExtensibilityGlobals) = postSolution
		SolutionGuid = {64F25D5F-9EF3-4CEB-BE98-E95F138F3849}
	EndGlobalSection
EndGlobal
